Microsoft Visual Studio Solution File, Format Version 12.00
# Visual Studio Version 17
VisualStudioVersion = 17.5.2.0
MinimumVisualStudioVersion = 10.0.40219.1
Project("{FAE04EC0-301F-11D3-BF4B-00C04F79EFBC}") = "di_keyed_service", "di_keyed_service.csproj", "{FD77C35B-765D-54A5-077D-BD9A6DB935EC}"
EndProject
Global
	GlobalSection(SolutionConfigurationPlatforms) = preSolution
		Debug|Any CPU = Debug|Any CPU
		Release|Any CPU = Release|Any CPU
	EndGlobalSection
	GlobalSection(ProjectConfigurationPlatforms) = postSolution
		{FD77C35B-765D-54A5-077D-BD9A6DB935EC}.Debug|Any CPU.ActiveCfg = Debug|Any CPU
		{FD77C35B-765D-54A5-077D-BD9A6DB935EC}.Debug|Any CPU.Build.0 = Debug|Any CPU
		{FD77C35B-765D-54A5-077D-BD9A6DB935EC}.Release|Any CPU.ActiveCfg = Release|Any CPU
		{FD77C35B-765D-54A5-077D-BD9A6DB935EC}.Release|Any CPU.Build.0 = Release|Any CPU
	EndGlobalSection
	GlobalSection(SolutionProperties) = preSolution
		HideSolutionNode = FALSE
	EndGlobalSection
	GlobalSection(ExtensibilityGlobals) = postSolution
		SolutionGuid = {AC490EE0-FE0E-4D17-90E9-4828FE194F64}
	EndGlobalSection
EndGlobal
